
Microsoft Visual Studio Solution File, Format Version 12.00
# Visual Studio Version 16
VisualStudioVersion = 16.0.31025.194
MinimumVisualStudioVersion = 10.0.40219.1
Project("{8BC9CEB8-8B4A-11D0-8D11-00A0C91BC942}") = "Project1", "Project1\Project1.vcxproj", "{0662B70F-A156-4DF0-A146-7B392AEFE8A8}"
EndProject
Project("{8BC9CEB8-8B4A-11D0-8D11-00A0C91BC942}") = "project2", "project2\project2.vcxproj", "{5EEF17BA-C300-45F2-A2B6-41FF1318EE05}"
EndProject
Project("{8BC9CEB8-8B4A-11D0-8D11-00A0C91BC942}") = "Project3", "Project3\Project3.vcxproj", "{208B3F5E-A97C-4181-B565-73566E63DBCA}"
EndProject
Project("{8BC9CEB8-8B4A-11D0-8D11-00A0C91BC942}") = "Project4", "Project4\Project4.vcxproj", "{5084B9A5-5C4E-4048-9E6B-797332B1C038}"
EndProject
Project("{8BC9CEB8-8B4A-11D0-8D11-00A0C91BC942}") = "Project5", "Project5\Project5.vcxproj", "{524F44E0-F9A9-4A39-A806-A93EB8C20B07}"
EndProject
Project("{8BC9CEB8-8B4A-11D0-8D11-00A0C91BC942}") = "Project6", "Project6\Project6.vcxproj", "{B1964969-E5C2-4CFF-9530-8C107D909BAB}"
EndProject
Project("{8BC9CEB8-8B4A-11D0-8D11-00A0C91BC942}") = "Project7", "Project7\Project7.vcxproj", "{A40A193C-1E69-461B-913A-132EF7B240A1}"
EndProject
Project("{8BC9CEB8-8B4A-11D0-8D11-00A0C91BC942}") = "Project8", "Project8\Project8.vcxproj", "{8BEBEA44-57F7-4D67-BE35-243505E4A3F1}"
EndProject
Project("{8BC9CEB8-8B4A-11D0-8D11-00A0C91BC942}") = "Project9", "Project9\Project9.vcxproj", "{B4A7CC4D-6572-4706-A2F0-45B7B47BE791}"
EndProject
Global
	GlobalSection(SolutionConfigurationPlatforms) = preSolution
		Debug|x64 = Debug|x64
		Debug|x86 = Debug|x86
		Release|x64 = Release|x64
		Release|x86 = Release|x86
	EndGlobalSection
	GlobalSection(ProjectConfigurationPlatforms) = postSolution
		{0662B70F-A156-4DF0-A146-7B392AEFE8A8}.Debug|x64.ActiveCfg = Debug|x64
		{0662B70F-A156-4DF0-A146-7B392AEFE8A8}.Debug|x64.Build.0 = Debug|x64
		{0662B70F-A156-4DF0-A146-7B392AEFE8A8}.Debug|x86.ActiveCfg = Debug|Win32
		{0662B70F-A156-4DF0-A146-7B392AEFE8A8}.Debug|x86.Build.0 = Debug|Win32
		{0662B70F-A156-4DF0-A146-7B392AEFE8A8}.Release|x64.ActiveCfg = Release|x64
		{0662B70F-A156-4DF0-A146-7B392AEFE8A8}.Release|x64.Build.0 = Release|x64
		{0662B70F-A156-4DF0-A146-7B392AEFE8A8}.Release|x86.ActiveCfg = Release|Win32
		{0662B70F-A156-4DF0-A146-7B392AEFE8A8}.Release|x86.Build.0 = Release|Win32
		{5EEF17BA-C300-45F2-A2B6-41FF1318EE05}.Debug|x64.ActiveCfg = Debug|x64
		{5EEF17BA-C300-45F2-A2B6-41FF1318EE05}.Debug|x64.Build.0 = Debug|x64
		{5EEF17BA-C300-45F2-A2B6-41FF1318EE05}.Debug|x86.ActiveCfg = Debug|Win32
		{5EEF17BA-C300-45F2-A2B6-41FF1318EE05}.Debug|x86.Build.0 = Debug|Win32
		{5EEF17BA-C300-45F2-A2B6-41FF1318EE05}.Release|x64.ActiveCfg = Release|x64
		{5EEF17BA-C300-45F2-A2B6-41FF1318EE05}.Release|x64.Build.0 = Release|x64
		{5EEF17BA-C300-45F2-A2B6-41FF1318EE05}.Release|x86.ActiveCfg = Release|Win32
		{5EEF17BA-C300-45F2-A2B6-41FF1318EE05}.Release|x86.Build.0 = Release|Win32
		{208B3F5E-A97C-4181-B565-73566E63DBCA}.Debug|x64.ActiveCfg = Debug|x64
		{208B3F5E-A97C-4181-B565-73566E63DBCA}.Debug|x64.Build.0 = Debug|x64
		{208B3F5E-A97C-4181-B565-73566E63DBCA}.Debug|x86.ActiveCfg = Debug|Win32
		{208B3F5E-A97C-4181-B565-73566E63DBCA}.Debug|x86.Build.0 = Debug|Win32
		{208B3F5E-A97C-4181-B565-73566E63DBCA}.Release|x64.ActiveCfg = Release|x64
		{208B3F5E-A97C-4181-B565-73566E63DBCA}.Release|x64.Build.0 = Release|x64
		{208B3F5E-A97C-4181-B565-73566E63DBCA}.Release|x86.ActiveCfg = Release|Win32
		{208B3F5E-A97C-4181-B565-73566E63DBCA}.Release|x86.Build.0 = Release|Win32
		{5084B9A5-5C4E-4048-9E6B-797332B1C038}.Debug|x64.ActiveCfg = Debug|x64
		{5084B9A5-5C4E-4048-9E6B-797332B1C038}.Debug|x64.Build.0 = Debug|x64
		{5084B9A5-5C4E-4048-9E6B-797332B1C038}.Debug|x86.ActiveCfg = Debug|Win32
		{5084B9A5-5C4E-4048-9E6B-797332B1C038}.Debug|x86.Build.0 = Debug|Win32
		{5084B9A5-5C4E-4048-9E6B-797332B1C038}.Release|x64.ActiveCfg = Release|x64
		{5084B9A5-5C4E-4048-9E6B-797332B1C038}.Release|x64.Build.0 = Release|x64
		{5084B9A5-5C4E-4048-9E6B-797332B1C038}.Release|x86.ActiveCfg = Release|Win32
		{5084B9A5-5C4E-4048-9E6B-797332B1C038}.Release|x86.Build.0 = Release|Win32
		{524F44E0-F9A9-4A39-A806-A93EB8C20B07}.Debug|x64.ActiveCfg = Debug|x64
		{524F44E0-F9A9-4A39-A806-A93EB8C20B07}.Debug|x64.Build.0 = Debug|x64
		{524F44E0-F9A9-4A39-A806-A93EB8C20B07}.Debug|x86.ActiveCfg = Debug|Win32
		{524F44E0-F9A9-4A39-A806-A93EB8C20B07}.Debug|x86.Build.0 = Debug|Win32
		{524F44E0-F9A9-4A39-A806-A93EB8C20B07}.Release|x64.ActiveCfg = Release|x64
		{524F44E0-F9A9-4A39-A806-A93EB8C20B07}.Release|x64.Build.0 = Release|x64
		{524F44E0-F9A9-4A39-A806-A93EB8C20B07}.Release|x86.ActiveCfg = Release|Win32
		{524F44E0-F9A9-4A39-A806-A93EB8C20B07}.Release|x86.Build.0 = Release|Win32
		{B1964969-E5C2-4CFF-9530-8C107D909BAB}.Debug|x64.ActiveCfg = Debug|x64
		{B1964969-E5C2-4CFF-9530-8C107D909BAB}.Debug|x64.Build.0 = Debug|x64
		{B1964969-E5C2-4CFF-9530-8C107D909BAB}.Debug|x86.ActiveCfg = Debug|Win32
		{B1964969-E5C2-4CFF-9530-8C107D909BAB}.Debug|x86.Build.0 = Debug|Win32
		{B1964969-E5C2-4CFF-9530-8C107D909BAB}.Release|x64.ActiveCfg = Release|x64
		{B1964969-E5C2-4CFF-9530-8C107D909BAB}.Release|x64.Build.0 = Release|x64
		{B1964969-E5C2-4CFF-9530-8C107D909BAB}.Release|x86.ActiveCfg = Release|Win32
		{B1964969-E5C2-4CFF-9530-8C107D909BAB}.Release|x86.Build.0 = Release|Win32
		{A40A193C-1E69-461B-913A-132EF7B240A1}.Debug|x64.ActiveCfg = Debug|x64
		{A40A193C-1E69-461B-913A-132EF7B240A1}.Debug|x64.Build.0 = Debug|x64
		{A40A193C-1E69-461B-913A-132EF7B240A1}.Debug|x86.ActiveCfg = Debug|Win32
		{A40A193C-1E69-461B-913A-132EF7B240A1}.Debug|x86.Build.0 = Debug|Win32
		{A40A193C-1E69-461B-913A-132EF7B240A1}.Release|x64.ActiveCfg = Release|x64
		{A40A193C-1E69-461B-913A-132EF7B240A1}.Release|x64.Build.0 = Release|x64
		{A40A193C-1E69-461B-913A-132EF7B240A1}.Release|x86.ActiveCfg = Release|Win32
		{A40A193C-1E69-461B-913A-132EF7B240A1}.Release|x86.Build.0 = Release|Win32
		{8BEBEA44-57F7-4D67-BE35-243505E4A3F1}.Debug|x64.ActiveCfg = Debug|x64
		{8BEBEA44-57F7-4D67-BE35-243505E4A3F1}.Debug|x64.Build.0 = Debug|x64
		{8BEBEA44-57F7-4D67-BE35-243505E4A3F1}.Debug|x86.ActiveCfg = Debug|Win32
		{8BEBEA44-57F7-4D67-BE35-243505E4A3F1}.Debug|x86.Build.0 = Debug|Win32
		{8BEBEA44-57F7-4D67-BE35-243505E4A3F1}.Release|x64.ActiveCfg = Release|x64
		{8BEBEA44-57F7-4D67-BE35-243505E4A3F1}.Release|x64.Build.0 = Release|x64
		{8BEBEA44-57F7-4D67-BE35-243505E4A3F1}.Release|x86.ActiveCfg = Release|Win32
		{8BEBEA44-57F7-4D67-BE35-243505E4A3F1}.Release|x86.Build.0 = Release|Win32
		{B4A7CC4D-6572-4706-A2F0-45B7B47BE791}.Debug|x64.ActiveCfg = Debug|x64
		{B4A7CC4D-6572-4706-A2F0-45B7B47BE791}.Debug|x64.Build.0 = Debug|x64
		{B4A7CC4D-6572-4706-A2F0-45B7B47BE791}.Debug|x86.ActiveCfg = Debug|Win32
		{B4A7CC4D-6572-4706-A2F0-45B7B47BE791}.Debug|x86.Build.0 = Debug|Win32
		{B4A7CC4D-6572-4706-A2F0-45B7B47BE791}.Release|x64.ActiveCfg = Release|x64
		{B4A7CC4D-6572-4706-A2F0-45B7B47BE791}.Release|x64.Build.0 = Release|x64
		{B4A7CC4D-6572-4706-A2F0-45B7B47BE791}.Release|x86.ActiveCfg = Release|Win32
		{B4A7CC4D-6572-4706-A2F0-45B7B47BE791}.Release|x86.Build.0 = Release|Win32
	EndGlobalSection
	GlobalSection(SolutionProperties) = preSolution
		HideSolutionNode = FALSE
	EndGlobalSection
	GlobalSection(ExtensibilityGlobals) = postSolution
		SolutionGuid = {89353575-47C3-4E84-8838-C7D75D8984AB}
	EndGlobalSection
EndGlobal
